
Microsoft Visual Studio Solution File, Format Version 12.00
# Visual Studio Version 16
VisualStudioVersion = 16.0.30011.22
MinimumVisualStudioVersion = 10.0.40219.1
Project("{8BC9CEB8-8B4A-11D0-8D11-00A0C91BC942}") = "06_simplelightzbuffer", "06_simplelightzbuffer\06_simplelightzbuffer.vcxproj", "{AC9CA5DE-C0FE-414E-B684-D43A96CEA6E6}"
EndProject
Global
	GlobalSection(SolutionConfigurationPlatforms) = preSolution
		Debug|x64 = Debug|x64
		Debug|x86 = Debug|x86
		Release|x64 = Release|x64
		Release|x86 = Release|x86
	EndGlobalSection
	GlobalSection(ProjectConfigurationPlatforms) = postSolution
		{AC9CA5DE-C0FE-414E-B684-D43A96CEA6E6}.Debug|x64.ActiveCfg = Debug|x64
		{AC9CA5DE-C0FE-414E-B684-D43A96CEA6E6}.Debug|x64.Build.0 = Debug|x64
		{AC9CA5DE-C0FE-414E-B684-D43A96CEA6E6}.Debug|x86.ActiveCfg = Debug|Win32
		{AC9CA5DE-C0FE-414E-B684-D43A96CEA6E6}.Debug|x86.Build.0 = Debug|Win32
		{AC9CA5DE-C0FE-414E-B684-D43A96CEA6E6}.Release|x64.ActiveCfg = Release|x64
		{AC9CA5DE-C0FE-414E-B684-D43A96CEA6E6}.Release|x64.Build.0 = Release|x64
		{AC9CA5DE-C0FE-414E-B684-D43A96CEA6E6}.Release|x86.ActiveCfg = Release|Win32
		{AC9CA5DE-C0FE-414E-B684-D43A96CEA6E6}.Release|x86.Build.0 = Release|Win32
	EndGlobalSection
	GlobalSection(SolutionProperties) = preSolution
		HideSolutionNode = FALSE
	EndGlobalSection
	GlobalSection(ExtensibilityGlobals) = postSolution
		SolutionGuid = {0AD75752-EFDA-45A3-BFAC-CB363EA80E94}
	EndGlobalSection
EndGlobal
